
Microsoft Visual Studio Solution File, Format Version 12.00
# Visual Studio Version 17
VisualStudioVersion = 17.4.33205.214
MinimumVisualStudioVersion = 10.0.40219.1
Project("{FAE04EC0-301F-11D3-BF4B-00C04F79EFBC}") = "StatsTracker", "StatsTracker.csproj", "{29347200-F38E-426E-AC9E-96791C67CCBA}"
EndProject
Global
	GlobalSection(SolutionConfigurationPlatforms) = preSolution
		Debug|Any CPU = Debug|Any CPU
		Release|Any CPU = Release|Any CPU
	EndGlobalSection
	GlobalSection(ProjectConfigurationPlatforms) = postSolution
		{29347200-F38E-426E-AC9E-96791C67CCBA}.Debug|Any CPU.ActiveCfg = Debug|Any CPU
		{29347200-F38E-426E-AC9E-96791C67CCBA}.Debug|Any CPU.Build.0 = Debug|Any CPU
		{29347200-F38E-426E-AC9E-96791C67CCBA}.Release|Any CPU.ActiveCfg = Release|Any CPU
		{29347200-F38E-426E-AC9E-96791C67CCBA}.Release|Any CPU.Build.0 = Release|Any CPU
	EndGlobalSection
	GlobalSection(SolutionProperties) = preSolution
		HideSolutionNode = FALSE
	EndGlobalSection
	GlobalSection(ExtensibilityGlobals) = postSolution
		SolutionGuid = {F07C4349-2B93-4679-90AC-571B53A961FE}
	EndGlobalSection
EndGlobal
